{
    "_readme": [
        "This file locks the dependencies of your project to a known state",
        "Read more about it at http://getcomposer.org/doc/01-basic-usage.md#composer-lock-the-lock-file"
    ],
    "hash": "7c4ce23f91b6da3e5e61980c71b196b3",
    "packages": [
        {
            "name": "tqf/bt-framework",
            "version": "dev-master",
            "source": {
                "type": "git",
                "url": "https://github.com/sigsegv42/bt-framework.git",
                "reference": "af766061865f9956a32f52c1392c32ee60c4e079"
            },
            "dist": {
                "type": "zip",
                "url": "https://api.github.com/repos/sigsegv42/bt-framework/zipball/af766061865f9956a32f52c1392c32ee60c4e079",
                "reference": "af766061865f9956a32f52c1392c32ee60c4e079",
                "shasum": ""
            },
            "type": "library",
            "autoload": {
                "psr-0": {
                    "BT": "src/"
                }
            },
            "description": "The PHP application framework used by the BrewTheory application.",
            "support": {
                "source": "https://github.com/sigsegv42/bt-framework/tree/master",
                "issues": "https://github.com/sigsegv42/bt-framework/issues"
            },
            "time": "2013-07-02 20:11:13"
        }
    ],
    "packages-dev": [

    ],
    "aliases": [

    ],
    "minimum-stability": "stable",
    "stability-flags": {
        "tqf/bt-framework": 20
    },
    "platform": [

    ],
    "platform-dev": [

    ]
}
